{
  "name": "simpleswap",
  "version": "1.0.0",
  "lockfileVersion": 3,
  "requires": true,
  "packages": {
    "": {
      "name": "simpleswap",
      "version": "1.0.0",
      "license": "ISC",
      "dependencies": {
        "openzeppelin-solidity": "github:OpenZeppelin/openzeppelin-contracts"
      }
    },
    "node_modules/openzeppelin-solidity": {
      "version": "5.3.0",
      "resolved": "git+ssh://git@github.com/OpenZeppelin/openzeppelin-contracts.git#6079eb3f01d5a37ae23e7e72d6909852566bc2e3"
    }
  }
}
